
Microsoft Visual Studio Solution File, Format Version 12.00
# Visual Studio Version 17
VisualStudioVersion = 17.0.31903.59
MinimumVisualStudioVersion = 10.0.40219.1
Project("{8BC9CEB8-8B4A-11D0-8D11-00A0C91BC942}") = "core", "core\core.vcxproj", "{6AC9EA0D-3CEC-4702-801F-2CEEEEEEA486}"
EndProject
Project("{8BC9CEB8-8B4A-11D0-8D11-00A0C91BC942}") = "server", "server\server.vcxproj", "{E5C22EDA-97EB-45D5-9738-389C175F73B9}"
EndProject
Project("{8BC9CEB8-8B4A-11D0-8D11-00A0C91BC942}") = "client", "client\client.vcxproj", "{B87E75F5-9388-46EB-B36B-8AA84706C4FF}"
EndProject
Project("{8BC9CEB8-8B4A-11D0-8D11-00A0C91BC942}") = "engine", "engine\engine.vcxproj", "{A45EC634-83B2-4478-B365-CE7643FF01CD}"
EndProject
Project("{2150E333-8FDC-42A3-9474-1A3956D46DE8}") = "module", "module", "{DB306CF5-D469-427E-9894-4F52324A7BA2}"
EndProject
Project("{2150E333-8FDC-42A3-9474-1A3956D46DE8}") = "app", "app", "{C4D32060-E39E-4E08-A7B3-18BA2CA694A0}"
EndProject
Project("{8BC9CEB8-8B4A-11D0-8D11-00A0C91BC942}") = "shared", "shared\shared.vcxproj", "{C8161EAB-2FF0-4CE9-B9BD-6EE6353F4228}"
EndProject
Project("{8BC9CEB8-8B4A-11D0-8D11-00A0C91BC942}") = "database", "database\database.vcxproj", "{7962E001-9041-4423-9784-D7AFE0CD64A8}"
EndProject
Project("{8BC9CEB8-8B4A-11D0-8D11-00A0C91BC942}") = "network", "network\network.vcxproj", "{5B7ECB03-CD94-42BD-AE87-B2B6A7FA2EA8}"
EndProject
Project("{8BC9CEB8-8B4A-11D0-8D11-00A0C91BC942}") = "common", "common\common.vcxproj", "{49119523-66F9-461B-8F4A-9380C440A07A}"
EndProject
Global
	GlobalSection(SolutionConfigurationPlatforms) = preSolution
		Debug|x64 = Debug|x64
		Debug|x86 = Debug|x86
		Release|x64 = Release|x64
		Release|x86 = Release|x86
	EndGlobalSection
	GlobalSection(ProjectConfigurationPlatforms) = postSolution
		{6AC9EA0D-3CEC-4702-801F-2CEEEEEEA486}.Debug|x64.ActiveCfg = Debug|x64
		{6AC9EA0D-3CEC-4702-801F-2CEEEEEEA486}.Debug|x64.Build.0 = Debug|x64
		{6AC9EA0D-3CEC-4702-801F-2CEEEEEEA486}.Debug|x86.ActiveCfg = Debug|x64
		{6AC9EA0D-3CEC-4702-801F-2CEEEEEEA486}.Debug|x86.Build.0 = Debug|x64
		{6AC9EA0D-3CEC-4702-801F-2CEEEEEEA486}.Release|x64.ActiveCfg = Release|x64
		{6AC9EA0D-3CEC-4702-801F-2CEEEEEEA486}.Release|x64.Build.0 = Release|x64
		{6AC9EA0D-3CEC-4702-801F-2CEEEEEEA486}.Release|x86.ActiveCfg = Release|x64
		{6AC9EA0D-3CEC-4702-801F-2CEEEEEEA486}.Release|x86.Build.0 = Release|x64
		{E5C22EDA-97EB-45D5-9738-389C175F73B9}.Debug|x64.ActiveCfg = Debug|x64
		{E5C22EDA-97EB-45D5-9738-389C175F73B9}.Debug|x64.Build.0 = Debug|x64
		{E5C22EDA-97EB-45D5-9738-389C175F73B9}.Debug|x86.ActiveCfg = Debug|x64
		{E5C22EDA-97EB-45D5-9738-389C175F73B9}.Debug|x86.Build.0 = Debug|x64
		{E5C22EDA-97EB-45D5-9738-389C175F73B9}.Release|x64.ActiveCfg = Release|x64
		{E5C22EDA-97EB-45D5-9738-389C175F73B9}.Release|x64.Build.0 = Release|x64
		{E5C22EDA-97EB-45D5-9738-389C175F73B9}.Release|x86.ActiveCfg = Release|x64
		{E5C22EDA-97EB-45D5-9738-389C175F73B9}.Release|x86.Build.0 = Release|x64
		{B87E75F5-9388-46EB-B36B-8AA84706C4FF}.Debug|x64.ActiveCfg = Debug|x64
		{B87E75F5-9388-46EB-B36B-8AA84706C4FF}.Debug|x64.Build.0 = Debug|x64
		{B87E75F5-9388-46EB-B36B-8AA84706C4FF}.Debug|x86.ActiveCfg = Debug|x64
		{B87E75F5-9388-46EB-B36B-8AA84706C4FF}.Debug|x86.Build.0 = Debug|x64
		{B87E75F5-9388-46EB-B36B-8AA84706C4FF}.Release|x64.ActiveCfg = Release|x64
		{B87E75F5-9388-46EB-B36B-8AA84706C4FF}.Release|x64.Build.0 = Release|x64
		{B87E75F5-9388-46EB-B36B-8AA84706C4FF}.Release|x86.ActiveCfg = Release|x64
		{B87E75F5-9388-46EB-B36B-8AA84706C4FF}.Release|x86.Build.0 = Release|x64
		{A45EC634-83B2-4478-B365-CE7643FF01CD}.Debug|x64.ActiveCfg = Debug|x64
		{A45EC634-83B2-4478-B365-CE7643FF01CD}.Debug|x64.Build.0 = Debug|x64
		{A45EC634-83B2-4478-B365-CE7643FF01CD}.Debug|x86.ActiveCfg = Debug|x64
		{A45EC634-83B2-4478-B365-CE7643FF01CD}.Debug|x86.Build.0 = Debug|x64
		{A45EC634-83B2-4478-B365-CE7643FF01CD}.Release|x64.ActiveCfg = Release|x64
		{A45EC634-83B2-4478-B365-CE7643FF01CD}.Release|x64.Build.0 = Release|x64
		{A45EC634-83B2-4478-B365-CE7643FF01CD}.Release|x86.ActiveCfg = Release|x64
		{A45EC634-83B2-4478-B365-CE7643FF01CD}.Release|x86.Build.0 = Release|x64
		{C8161EAB-2FF0-4CE9-B9BD-6EE6353F4228}.Debug|x64.ActiveCfg = Debug|x64
		{C8161EAB-2FF0-4CE9-B9BD-6EE6353F4228}.Debug|x64.Build.0 = Debug|x64
		{C8161EAB-2FF0-4CE9-B9BD-6EE6353F4228}.Debug|x86.ActiveCfg = Debug|Win32
		{C8161EAB-2FF0-4CE9-B9BD-6EE6353F4228}.Debug|x86.Build.0 = Debug|Win32
		{C8161EAB-2FF0-4CE9-B9BD-6EE6353F4228}.Release|x64.ActiveCfg = Release|x64
		{C8161EAB-2FF0-4CE9-B9BD-6EE6353F4228}.Release|x64.Build.0 = Release|x64
		{C8161EAB-2FF0-4CE9-B9BD-6EE6353F4228}.Release|x86.ActiveCfg = Release|Win32
		{C8161EAB-2FF0-4CE9-B9BD-6EE6353F4228}.Release|x86.Build.0 = Release|Win32
		{7962E001-9041-4423-9784-D7AFE0CD64A8}.Debug|x64.ActiveCfg = Debug|x64
		{7962E001-9041-4423-9784-D7AFE0CD64A8}.Debug|x64.Build.0 = Debug|x64
		{7962E001-9041-4423-9784-D7AFE0CD64A8}.Debug|x86.ActiveCfg = Debug|Win32
		{7962E001-9041-4423-9784-D7AFE0CD64A8}.Debug|x86.Build.0 = Debug|Win32
		{7962E001-9041-4423-9784-D7AFE0CD64A8}.Release|x64.ActiveCfg = Release|x64
		{7962E001-9041-4423-9784-D7AFE0CD64A8}.Release|x64.Build.0 = Release|x64
		{7962E001-9041-4423-9784-D7AFE0CD64A8}.Release|x86.ActiveCfg = Release|Win32
		{7962E001-9041-4423-9784-D7AFE0CD64A8}.Release|x86.Build.0 = Release|Win32
		{5B7ECB03-CD94-42BD-AE87-B2B6A7FA2EA8}.Debug|x64.ActiveCfg = Debug|x64
		{5B7ECB03-CD94-42BD-AE87-B2B6A7FA2EA8}.Debug|x64.Build.0 = Debug|x64
		{5B7ECB03-CD94-42BD-AE87-B2B6A7FA2EA8}.Debug|x86.ActiveCfg = Debug|Win32
		{5B7ECB03-CD94-42BD-AE87-B2B6A7FA2EA8}.Debug|x86.Build.0 = Debug|Win32
		{5B7ECB03-CD94-42BD-AE87-B2B6A7FA2EA8}.Release|x64.ActiveCfg = Release|x64
		{5B7ECB03-CD94-42BD-AE87-B2B6A7FA2EA8}.Release|x64.Build.0 = Release|x64
		{5B7ECB03-CD94-42BD-AE87-B2B6A7FA2EA8}.Release|x86.ActiveCfg = Release|Win32
		{5B7ECB03-CD94-42BD-AE87-B2B6A7FA2EA8}.Release|x86.Build.0 = Release|Win32
		{49119523-66F9-461B-8F4A-9380C440A07A}.Debug|x64.ActiveCfg = Debug|x64
		{49119523-66F9-461B-8F4A-9380C440A07A}.Debug|x64.Build.0 = Debug|x64
		{49119523-66F9-461B-8F4A-9380C440A07A}.Debug|x86.ActiveCfg = Debug|Win32
		{49119523-66F9-461B-8F4A-9380C440A07A}.Debug|x86.Build.0 = Debug|Win32
		{49119523-66F9-461B-8F4A-9380C440A07A}.Release|x64.ActiveCfg = Release|x64
		{49119523-66F9-461B-8F4A-9380C440A07A}.Release|x64.Build.0 = Release|x64
		{49119523-66F9-461B-8F4A-9380C440A07A}.Release|x86.ActiveCfg = Release|Win32
		{49119523-66F9-461B-8F4A-9380C440A07A}.Release|x86.Build.0 = Release|Win32
	EndGlobalSection
	GlobalSection(SolutionProperties) = preSolution
		HideSolutionNode = FALSE
	EndGlobalSection
	GlobalSection(NestedProjects) = preSolution
		{6AC9EA0D-3CEC-4702-801F-2CEEEEEEA486} = {DB306CF5-D469-427E-9894-4F52324A7BA2}
		{E5C22EDA-97EB-45D5-9738-389C175F73B9} = {C4D32060-E39E-4E08-A7B3-18BA2CA694A0}
		{B87E75F5-9388-46EB-B36B-8AA84706C4FF} = {C4D32060-E39E-4E08-A7B3-18BA2CA694A0}
		{A45EC634-83B2-4478-B365-CE7643FF01CD} = {DB306CF5-D469-427E-9894-4F52324A7BA2}
		{C8161EAB-2FF0-4CE9-B9BD-6EE6353F4228} = {DB306CF5-D469-427E-9894-4F52324A7BA2}
		{7962E001-9041-4423-9784-D7AFE0CD64A8} = {DB306CF5-D469-427E-9894-4F52324A7BA2}
		{5B7ECB03-CD94-42BD-AE87-B2B6A7FA2EA8} = {DB306CF5-D469-427E-9894-4F52324A7BA2}
		{49119523-66F9-461B-8F4A-9380C440A07A} = {DB306CF5-D469-427E-9894-4F52324A7BA2}
	EndGlobalSection
	GlobalSection(ExtensibilityGlobals) = postSolution
		SolutionGuid = {2F930395-D6EB-468A-B9F8-41A7C03725BE}
	EndGlobalSection
EndGlobal
